lockfileVersion: '9.0'

settings:
  autoInstallPeers: true
  excludeLinksFromLockfile: false

importers:

  .: {}

  packages/a:
    dependencies:
      lodash:
        specifier: 4.17.0
        version: 4.17.0

  packages/b:
    dependencies:
      immer:
        specifier: ~10.0.0
        version: 10.0.4
      lodash:
        specifier: '*'
        version: 4.17.0

packages:

  immer@10.0.4:
    resolution: {integrity: sha512-cuBuGK40P/sk5IzWa9QPUaAdvPHjkk1c+xYsd9oZw+YQQEV+10G0P5uMpGctZZKnyQ+ibRO08bD25nWLmYi2pw==}

  lodash@4.17.0:
    resolution: {integrity: sha512-wXJoUnY8v5rCurNIL6tM0TOv/F6B2NzDzLzStNOQoX/i88s8hPGkYSRPMtcdjORIx1dHUB1lQVhsNyC9yjD/7w==}

snapshots:

  immer@10.0.4: {}

  lodash@4.17.0: {}
