lockfileVersion: '9.0'

settings:
  autoInstallPeers: true
  excludeLinksFromLockfile: false

importers:

  .: {}

  packages/a:
    dependencies:
      lodash:
        specifier: 4.17.0
        version: 4.17.0

  packages/b:
    dependencies:
      immer:
        specifier: ~10.1.1
        version: 10.1.1
      lodash:
        specifier: '*'
        version: 4.17.0

packages:

  immer@10.1.1:
    resolution: {integrity: sha512-s2MPrmjovJcoMaHtx6K11Ra7oD05NT97w1IC5zpMkT6Atjr7H8LjaDd81iIxUYpMKSRRNMJE703M1Fhr/TctHw==}

  lodash@4.17.0:
    resolution: {integrity: sha512-wXJoUnY8v5rCurNIL6tM0TOv/F6B2NzDzLzStNOQoX/i88s8hPGkYSRPMtcdjORIx1dHUB1lQVhsNyC9yjD/7w==}

snapshots:

  immer@10.1.1: {}

  lodash@4.17.0: {}
